
Microsoft Visual Studio Solution File, Format Version 12.00
# Visual Studio Version 16
VisualStudioVersion = 16.0.33927.289
MinimumVisualStudioVersion = 10.0.40219.1
Project("{2150E333-8FDC-42A3-9474-1A3956D46DE8}") = "Task0", "Task0", "{8F4C3D7B-61F0-4C18-A552-81E331268A11}"
EndProject
Project("{FAE04EC0-301F-11D3-BF4B-00C04F79EFBC}") = "Tyuiu.ElsufevMP.Sprint5.Task0.V3.Lib", "Tyuiu.ElsufevMP.Sprint5.Task0.V3.Lib\Tyuiu.ElsufevMP.Sprint5.Task0.V3.Lib.csproj", "{E98BA1BA-4CD9-40C8-B691-9D8254B23840}"
EndProject
Project("{FAE04EC0-301F-11D3-BF4B-00C04F79EFBC}") = "Tyuiu.ElsufevMP.Sprint5.Task0.V3.Test", "Tyuiu.ElsufevMP.Sprint5.Task0.V3.Test\Tyuiu.ElsufevMP.Sprint5.Task0.V3.Test.csproj", "{3E468D08-0FBE-4723-B2E0-04DF2D0BC71B}"
EndProject
Project("{FAE04EC0-301F-11D3-BF4B-00C04F79EFBC}") = "Tyuiu.ElsufevMP.Sprint6.Task0.V3", "Tyuiu.ElsufevMP.Sprint6.Task0.V3\Tyuiu.ElsufevMP.Sprint6.Task0.V3.csproj", "{9DD3FCAF-B737-4C33-AE64-C5EDC367E587}"
EndProject
Project("{2150E333-8FDC-42A3-9474-1A3956D46DE8}") = "Task1", "Task1", "{2A0C9A60-DFF8-467B-9A5A-E21D2FB75894}"
EndProject
Project("{FAE04EC0-301F-11D3-BF4B-00C04F79EFBC}") = "Tyuiu.ElsufevMP.Sprint6.Task1.V7.Lib", "Tyuiu.ElsufevMP.Sprint6.Task1.V7.Lib\Tyuiu.ElsufevMP.Sprint6.Task1.V7.Lib.csproj", "{BF1D8C50-B758-4BA5-87AA-443E06D718D1}"
EndProject
Project("{FAE04EC0-301F-11D3-BF4B-00C04F79EFBC}") = "Tyuiu.ElsufevMP.Sprint6.Task1.V7.Test", "Tyuiu.ElsufevMP.Sprint6.Task1.V7.Test\Tyuiu.ElsufevMP.Sprint6.Task1.V7.Test.csproj", "{781823B2-5B0B-4502-BBBF-09F8C28C83BB}"
EndProject
Project("{FAE04EC0-301F-11D3-BF4B-00C04F79EFBC}") = "Tyuiu.ElsufevMP.Sprint6.Task1.V7", "Tyuiu.ElsufevMP.Sprint6.Task1.V7\Tyuiu.ElsufevMP.Sprint6.Task1.V7.csproj", "{4BF77AED-66DB-4D3B-84B5-CD45636B3FD5}"
EndProject
Project("{2150E333-8FDC-42A3-9474-1A3956D46DE8}") = "Task2", "Task2", "{952E2298-DFF4-49E7-B793-D1CAA015B70C}"
EndProject
Project("{FAE04EC0-301F-11D3-BF4B-00C04F79EFBC}") = "Tyuiu.ElsufevMP.Sprint6.Task2.V11.Lib", "Tyuiu.ElsufevMP.Sprint6.Task2.V11.Lib\Tyuiu.ElsufevMP.Sprint6.Task2.V11.Lib.csproj", "{CD120224-229B-4FA6-B967-0B6FB4FC841A}"
EndProject
Project("{FAE04EC0-301F-11D3-BF4B-00C04F79EFBC}") = "Tyuiu.ElsufevMP.Sprint6.Task2.V11.Test", "Tyuiu.ElsufevMP.Sprint6.Task2.V11.Test\Tyuiu.ElsufevMP.Sprint6.Task2.V11.Test.csproj", "{72DAD96C-2C52-4C57-961A-19573DC0EA36}"
EndProject
Project("{FAE04EC0-301F-11D3-BF4B-00C04F79EFBC}") = "Tyuiu.ElsufevMP.Sprint6.Task2.V11", "Tyuiu.ElsufevMP.Sprint6.Task2.V11\Tyuiu.ElsufevMP.Sprint6.Task2.V11.csproj", "{05AEF86C-7F0C-43E8-B693-481E1D04B686}"
EndProject
Project("{2150E333-8FDC-42A3-9474-1A3956D46DE8}") = "Task3", "Task3", "{0D5F04D8-296F-421C-8AE3-5000BF522C91}"
EndProject
Project("{FAE04EC0-301F-11D3-BF4B-00C04F79EFBC}") = "Tyuiu.ElsufevMP.Sprint6.Task3.V9", "Tyuiu.ElsufevMP.Sprint6.Task3.V9\Tyuiu.ElsufevMP.Sprint6.Task3.V9.csproj", "{943CDC13-2BFB-4B38-AAD1-CED3F93F0777}"
EndProject
Project("{FAE04EC0-301F-11D3-BF4B-00C04F79EFBC}") = "Tyuiu.ElsufevMP.Sprint6.Task3.V9.Lib", "Tyuiu.ElsufevMP.Sprint6.Task3.V9.Lib\Tyuiu.ElsufevMP.Sprint6.Task3.V9.Lib.csproj", "{A4044BD4-4E48-48C3-AF5D-FAF0C5A3EE79}"
EndProject
Project("{FAE04EC0-301F-11D3-BF4B-00C04F79EFBC}") = "Tyuiu.ElsufevMP.Sprint6.Task3.V9.Test", "Tyuiu.ElsufevMP.Sprint6.Task3.V9.Test\Tyuiu.ElsufevMP.Sprint6.Task3.V9.Test.csproj", "{C37EA434-FF55-40C3-BB6F-3399CD3ECC74}"
EndProject
Project("{2150E333-8FDC-42A3-9474-1A3956D46DE8}") = "Task4", "Task4", "{59C0D779-7AFA-4400-99A7-4FBFB195EDB6}"
EndProject
Project("{FAE04EC0-301F-11D3-BF4B-00C04F79EFBC}") = "Tyuiu.ElsufevMP.Sprint6.Task4.V29", "Tyuiu.ElsufevMP.Sprint6.Task4.V29\Tyuiu.ElsufevMP.Sprint6.Task4.V29.csproj", "{20803374-8185-4B1E-8D9E-A1D716466EA0}"
EndProject
Project("{FAE04EC0-301F-11D3-BF4B-00C04F79EFBC}") = "Tyuiu.ElsufevMP.Sprint6.Task4.V29.Lib", "Tyuiu.ElsufevMP.Sprint6.Task4.V29.Lib\Tyuiu.ElsufevMP.Sprint6.Task4.V29.Lib.csproj", "{DB5D099D-2228-47DA-AEED-C37A2BE2CD31}"
EndProject
Project("{FAE04EC0-301F-11D3-BF4B-00C04F79EFBC}") = "Tyuiu.ElsufevMP.Sprint6.Task4.V29.Test", "Tyuiu.ElsufevMP.Sprint6.Task4.V29.Test\Tyuiu.ElsufevMP.Sprint6.Task4.V29.Test.csproj", "{A9B03E0A-F267-4778-9666-B28D724ADD91}"
EndProject
Project("{2150E333-8FDC-42A3-9474-1A3956D46DE8}") = "Task5", "Task5", "{77B7EA07-7303-4268-9BBD-045B5E41E5B3}"
EndProject
Project("{FAE04EC0-301F-11D3-BF4B-00C04F79EFBC}") = "Tyuiu.ElsufevMP.Sprint6.Task5.V16", "Tyuiu.ElsufevMP.Sprint6.Task5.V16\Tyuiu.ElsufevMP.Sprint6.Task5.V16.csproj", "{5A8E930C-0F09-4983-B4D8-19D44E8C4AB1}"
EndProject
Project("{FAE04EC0-301F-11D3-BF4B-00C04F79EFBC}") = "Tyuiu.ElsufevMP.Sprint6.Task5.V16.Lib", "Tyuiu.ElsufevMP.Sprint6.Task5.V16.Lib\Tyuiu.ElsufevMP.Sprint6.Task5.V16.Lib.csproj", "{A443A39B-C77B-4B18-8659-09E2CAA0F03E}"
EndProject
Project("{FAE04EC0-301F-11D3-BF4B-00C04F79EFBC}") = "Tyuiu.ElsufevMP.Sprint6.Task5.V16.Test", "Tyuiu.ElsufevMP.Sprint6.Task5.V16.Test\Tyuiu.ElsufevMP.Sprint6.Task5.V16.Test.csproj", "{863F61E3-FD77-4387-8ADE-BA5CD5E85690}"
EndProject
Project("{2150E333-8FDC-42A3-9474-1A3956D46DE8}") = "Task6", "Task6", "{D1FB34E4-5437-487D-A477-4A61881EA99A}"
EndProject
Project("{FAE04EC0-301F-11D3-BF4B-00C04F79EFBC}") = "Tyuiu.ElsufevMP.Sprint6.Task6.V3", "Tyuiu.ElsufevMP.Sprint6.Task6.V3\Tyuiu.ElsufevMP.Sprint6.Task6.V3.csproj", "{5186EA15-8CCB-4DDF-B3BE-8165594B929A}"
EndProject
Project("{FAE04EC0-301F-11D3-BF4B-00C04F79EFBC}") = "Tyuiu.ElsufevMP.Sprint6.Task6.V3.Lib", "Tyuiu.ElsufevMP.Sprint6.Task6.V3.Lib\Tyuiu.ElsufevMP.Sprint6.Task6.V3.Lib.csproj", "{D92360A8-0E6C-4245-BCA9-02017EC29A94}"
EndProject
Project("{FAE04EC0-301F-11D3-BF4B-00C04F79EFBC}") = "Tyuiu.ElsufevMP.Sprint6.Task6.V3.Test", "Tyuiu.ElsufevMP.Sprint6.Task6.V3.Test\Tyuiu.ElsufevMP.Sprint6.Task6.V3.Test.csproj", "{24D84CEA-4A9A-475F-B2C1-4CED4B03BE96}"
EndProject
Project("{2150E333-8FDC-42A3-9474-1A3956D46DE8}") = "Task7", "Task7", "{C193E26E-730F-4C0B-A944-925BAABE90C8}"
EndProject
Project("{FAE04EC0-301F-11D3-BF4B-00C04F79EFBC}") = "Tyuiu.ElsufevMP.Sprint6.Task7.V30", "Tyuiu.ElsufevMP.Sprint6.Task7.V30\Tyuiu.ElsufevMP.Sprint6.Task7.V30.csproj", "{9466AE60-C87A-4CC8-BD50-8C00A88A03F3}"
EndProject
Project("{FAE04EC0-301F-11D3-BF4B-00C04F79EFBC}") = "Tyuiu.ElsufevMP.Sprint6.Task7.V30.Lib", "Tyuiu.ElsufevMP.Sprint6.Task7.V30.Lib\Tyuiu.ElsufevMP.Sprint6.Task7.V30.Lib.csproj", "{A3C9A4AC-F4BB-4464-BA52-6AE2C38A2C07}"
EndProject
Project("{FAE04EC0-301F-11D3-BF4B-00C04F79EFBC}") = "Tyuiu.ElsufevMP.Sprint6.Task7.V30.Test", "Tyuiu.ElsufevMP.Sprint6.Task7.V30.Test\Tyuiu.ElsufevMP.Sprint6.Task7.V30.Test.csproj", "{4A39DB1A-BE35-438E-82BB-808670E80520}"
EndProject
Global
	GlobalSection(SolutionConfigurationPlatforms) = preSolution
		Debug|Any CPU = Debug|Any CPU
		Release|Any CPU = Release|Any CPU
	EndGlobalSection
	GlobalSection(ProjectConfigurationPlatforms) = postSolution
		{E98BA1BA-4CD9-40C8-B691-9D8254B23840}.Debug|Any CPU.ActiveCfg = Debug|Any CPU
		{E98BA1BA-4CD9-40C8-B691-9D8254B23840}.Debug|Any CPU.Build.0 = Debug|Any CPU
		{E98BA1BA-4CD9-40C8-B691-9D8254B23840}.Release|Any CPU.ActiveCfg = Release|Any CPU
		{E98BA1BA-4CD9-40C8-B691-9D8254B23840}.Release|Any CPU.Build.0 = Release|Any CPU
		{3E468D08-0FBE-4723-B2E0-04DF2D0BC71B}.Debug|Any CPU.ActiveCfg = Debug|Any CPU
		{3E468D08-0FBE-4723-B2E0-04DF2D0BC71B}.Debug|Any CPU.Build.0 = Debug|Any CPU
		{3E468D08-0FBE-4723-B2E0-04DF2D0BC71B}.Release|Any CPU.ActiveCfg = Release|Any CPU
		{3E468D08-0FBE-4723-B2E0-04DF2D0BC71B}.Release|Any CPU.Build.0 = Release|Any CPU
		{9DD3FCAF-B737-4C33-AE64-C5EDC367E587}.Debug|Any CPU.ActiveCfg = Debug|Any CPU
		{9DD3FCAF-B737-4C33-AE64-C5EDC367E587}.Debug|Any CPU.Build.0 = Debug|Any CPU
		{9DD3FCAF-B737-4C33-AE64-C5EDC367E587}.Release|Any CPU.ActiveCfg = Release|Any CPU
		{9DD3FCAF-B737-4C33-AE64-C5EDC367E587}.Release|Any CPU.Build.0 = Release|Any CPU
		{BF1D8C50-B758-4BA5-87AA-443E06D718D1}.Debug|Any CPU.ActiveCfg = Debug|Any CPU
		{BF1D8C50-B758-4BA5-87AA-443E06D718D1}.Debug|Any CPU.Build.0 = Debug|Any CPU
		{BF1D8C50-B758-4BA5-87AA-443E06D718D1}.Release|Any CPU.ActiveCfg = Release|Any CPU
		{BF1D8C50-B758-4BA5-87AA-443E06D718D1}.Release|Any CPU.Build.0 = Release|Any CPU
		{781823B2-5B0B-4502-BBBF-09F8C28C83BB}.Debug|Any CPU.ActiveCfg = Debug|Any CPU
		{781823B2-5B0B-4502-BBBF-09F8C28C83BB}.Debug|Any CPU.Build.0 = Debug|Any CPU
		{781823B2-5B0B-4502-BBBF-09F8C28C83BB}.Release|Any CPU.ActiveCfg = Release|Any CPU
		{781823B2-5B0B-4502-BBBF-09F8C28C83BB}.Release|Any CPU.Build.0 = Release|Any CPU
		{4BF77AED-66DB-4D3B-84B5-CD45636B3FD5}.Debug|Any CPU.ActiveCfg = Debug|Any CPU
		{4BF77AED-66DB-4D3B-84B5-CD45636B3FD5}.Debug|Any CPU.Build.0 = Debug|Any CPU
		{4BF77AED-66DB-4D3B-84B5-CD45636B3FD5}.Release|Any CPU.ActiveCfg = Release|Any CPU
		{4BF77AED-66DB-4D3B-84B5-CD45636B3FD5}.Release|Any CPU.Build.0 = Release|Any CPU
		{CD120224-229B-4FA6-B967-0B6FB4FC841A}.Debug|Any CPU.ActiveCfg = Debug|Any CPU
		{CD120224-229B-4FA6-B967-0B6FB4FC841A}.Debug|Any CPU.Build.0 = Debug|Any CPU
		{CD120224-229B-4FA6-B967-0B6FB4FC841A}.Release|Any CPU.ActiveCfg = Release|Any CPU
		{CD120224-229B-4FA6-B967-0B6FB4FC841A}.Release|Any CPU.Build.0 = Release|Any CPU
		{72DAD96C-2C52-4C57-961A-19573DC0EA36}.Debug|Any CPU.ActiveCfg = Debug|Any CPU
		{72DAD96C-2C52-4C57-961A-19573DC0EA36}.Debug|Any CPU.Build.0 = Debug|Any CPU
		{72DAD96C-2C52-4C57-961A-19573DC0EA36}.Release|Any CPU.ActiveCfg = Release|Any CPU
		{72DAD96C-2C52-4C57-961A-19573DC0EA36}.Release|Any CPU.Build.0 = Release|Any CPU
		{05AEF86C-7F0C-43E8-B693-481E1D04B686}.Debug|Any CPU.ActiveCfg = Debug|Any CPU
		{05AEF86C-7F0C-43E8-B693-481E1D04B686}.Debug|Any CPU.Build.0 = Debug|Any CPU
		{05AEF86C-7F0C-43E8-B693-481E1D04B686}.Release|Any CPU.ActiveCfg = Release|Any CPU
		{05AEF86C-7F0C-43E8-B693-481E1D04B686}.Release|Any CPU.Build.0 = Release|Any CPU
		{943CDC13-2BFB-4B38-AAD1-CED3F93F0777}.Debug|Any CPU.ActiveCfg = Debug|Any CPU
		{943CDC13-2BFB-4B38-AAD1-CED3F93F0777}.Debug|Any CPU.Build.0 = Debug|Any CPU
		{943CDC13-2BFB-4B38-AAD1-CED3F93F0777}.Release|Any CPU.ActiveCfg = Release|Any CPU
		{943CDC13-2BFB-4B38-AAD1-CED3F93F0777}.Release|Any CPU.Build.0 = Release|Any CPU
		{A4044BD4-4E48-48C3-AF5D-FAF0C5A3EE79}.Debug|Any CPU.ActiveCfg = Debug|Any CPU
		{A4044BD4-4E48-48C3-AF5D-FAF0C5A3EE79}.Debug|Any CPU.Build.0 = Debug|Any CPU
		{A4044BD4-4E48-48C3-AF5D-FAF0C5A3EE79}.Release|Any CPU.ActiveCfg = Release|Any CPU
		{A4044BD4-4E48-48C3-AF5D-FAF0C5A3EE79}.Release|Any CPU.Build.0 = Release|Any CPU
		{C37EA434-FF55-40C3-BB6F-3399CD3ECC74}.Debug|Any CPU.ActiveCfg = Debug|Any CPU
		{C37EA434-FF55-40C3-BB6F-3399CD3ECC74}.Debug|Any CPU.Build.0 = Debug|Any CPU
		{C37EA434-FF55-40C3-BB6F-3399CD3ECC74}.Release|Any CPU.ActiveCfg = Release|Any CPU
		{C37EA434-FF55-40C3-BB6F-3399CD3ECC74}.Release|Any CPU.Build.0 = Release|Any CPU
		{20803374-8185-4B1E-8D9E-A1D716466EA0}.Debug|Any CPU.ActiveCfg = Debug|Any CPU
		{20803374-8185-4B1E-8D9E-A1D716466EA0}.Debug|Any CPU.Build.0 = Debug|Any CPU
		{20803374-8185-4B1E-8D9E-A1D716466EA0}.Release|Any CPU.ActiveCfg = Release|Any CPU
		{20803374-8185-4B1E-8D9E-A1D716466EA0}.Release|Any CPU.Build.0 = Release|Any CPU
		{DB5D099D-2228-47DA-AEED-C37A2BE2CD31}.Debug|Any CPU.ActiveCfg = Debug|Any CPU
		{DB5D099D-2228-47DA-AEED-C37A2BE2CD31}.Debug|Any CPU.Build.0 = Debug|Any CPU
		{DB5D099D-2228-47DA-AEED-C37A2BE2CD31}.Release|Any CPU.ActiveCfg = Release|Any CPU
		{DB5D099D-2228-47DA-AEED-C37A2BE2CD31}.Release|Any CPU.Build.0 = Release|Any CPU
		{A9B03E0A-F267-4778-9666-B28D724ADD91}.Debug|Any CPU.ActiveCfg = Debug|Any CPU
		{A9B03E0A-F267-4778-9666-B28D724ADD91}.Debug|Any CPU.Build.0 = Debug|Any CPU
		{A9B03E0A-F267-4778-9666-B28D724ADD91}.Release|Any CPU.ActiveCfg = Release|Any CPU
		{A9B03E0A-F267-4778-9666-B28D724ADD91}.Release|Any CPU.Build.0 = Release|Any CPU
		{5A8E930C-0F09-4983-B4D8-19D44E8C4AB1}.Debug|Any CPU.ActiveCfg = Debug|Any CPU
		{5A8E930C-0F09-4983-B4D8-19D44E8C4AB1}.Debug|Any CPU.Build.0 = Debug|Any CPU
		{5A8E930C-0F09-4983-B4D8-19D44E8C4AB1}.Release|Any CPU.ActiveCfg = Release|Any CPU
		{5A8E930C-0F09-4983-B4D8-19D44E8C4AB1}.Release|Any CPU.Build.0 = Release|Any CPU
		{A443A39B-C77B-4B18-8659-09E2CAA0F03E}.Debug|Any CPU.ActiveCfg = Debug|Any CPU
		{A443A39B-C77B-4B18-8659-09E2CAA0F03E}.Debug|Any CPU.Build.0 = Debug|Any CPU
		{A443A39B-C77B-4B18-8659-09E2CAA0F03E}.Release|Any CPU.ActiveCfg = Release|Any CPU
		{A443A39B-C77B-4B18-8659-09E2CAA0F03E}.Release|Any CPU.Build.0 = Release|Any CPU
		{863F61E3-FD77-4387-8ADE-BA5CD5E85690}.Debug|Any CPU.ActiveCfg = Debug|Any CPU
		{863F61E3-FD77-4387-8ADE-BA5CD5E85690}.Debug|Any CPU.Build.0 = Debug|Any CPU
		{863F61E3-FD77-4387-8ADE-BA5CD5E85690}.Release|Any CPU.ActiveCfg = Release|Any CPU
		{863F61E3-FD77-4387-8ADE-BA5CD5E85690}.Release|Any CPU.Build.0 = Release|Any CPU
		{5186EA15-8CCB-4DDF-B3BE-8165594B929A}.Debug|Any CPU.ActiveCfg = Debug|Any CPU
		{5186EA15-8CCB-4DDF-B3BE-8165594B929A}.Debug|Any CPU.Build.0 = Debug|Any CPU
		{5186EA15-8CCB-4DDF-B3BE-8165594B929A}.Release|Any CPU.ActiveCfg = Release|Any CPU
		{5186EA15-8CCB-4DDF-B3BE-8165594B929A}.Release|Any CPU.Build.0 = Release|Any CPU
		{D92360A8-0E6C-4245-BCA9-02017EC29A94}.Debug|Any CPU.ActiveCfg = Debug|Any CPU
		{D92360A8-0E6C-4245-BCA9-02017EC29A94}.Debug|Any CPU.Build.0 = Debug|Any CPU
		{D92360A8-0E6C-4245-BCA9-02017EC29A94}.Release|Any CPU.ActiveCfg = Release|Any CPU
		{D92360A8-0E6C-4245-BCA9-02017EC29A94}.Release|Any CPU.Build.0 = Release|Any CPU
		{24D84CEA-4A9A-475F-B2C1-4CED4B03BE96}.Debug|Any CPU.ActiveCfg = Debug|Any CPU
		{24D84CEA-4A9A-475F-B2C1-4CED4B03BE96}.Debug|Any CPU.Build.0 = Debug|Any CPU
		{24D84CEA-4A9A-475F-B2C1-4CED4B03BE96}.Release|Any CPU.ActiveCfg = Release|Any CPU
		{24D84CEA-4A9A-475F-B2C1-4CED4B03BE96}.Release|Any CPU.Build.0 = Release|Any CPU
		{9466AE60-C87A-4CC8-BD50-8C00A88A03F3}.Debug|Any CPU.ActiveCfg = Debug|Any CPU
		{9466AE60-C87A-4CC8-BD50-8C00A88A03F3}.Debug|Any CPU.Build.0 = Debug|Any CPU
		{9466AE60-C87A-4CC8-BD50-8C00A88A03F3}.Release|Any CPU.ActiveCfg = Release|Any CPU
		{9466AE60-C87A-4CC8-BD50-8C00A88A03F3}.Release|Any CPU.Build.0 = Release|Any CPU
		{A3C9A4AC-F4BB-4464-BA52-6AE2C38A2C07}.Debug|Any CPU.ActiveCfg = Debug|Any CPU
		{A3C9A4AC-F4BB-4464-BA52-6AE2C38A2C07}.Debug|Any CPU.Build.0 = Debug|Any CPU
		{A3C9A4AC-F4BB-4464-BA52-6AE2C38A2C07}.Release|Any CPU.ActiveCfg = Release|Any CPU
		{A3C9A4AC-F4BB-4464-BA52-6AE2C38A2C07}.Release|Any CPU.Build.0 = Release|Any CPU
		{4A39DB1A-BE35-438E-82BB-808670E80520}.Debug|Any CPU.ActiveCfg = Debug|Any CPU
		{4A39DB1A-BE35-438E-82BB-808670E80520}.Debug|Any CPU.Build.0 = Debug|Any CPU
		{4A39DB1A-BE35-438E-82BB-808670E80520}.Release|Any CPU.ActiveCfg = Release|Any CPU
		{4A39DB1A-BE35-438E-82BB-808670E80520}.Release|Any CPU.Build.0 = Release|Any CPU
	EndGlobalSection
	GlobalSection(SolutionProperties) = preSolution
		HideSolutionNode = FALSE
	EndGlobalSection
	GlobalSection(NestedProjects) = preSolution
		{E98BA1BA-4CD9-40C8-B691-9D8254B23840} = {8F4C3D7B-61F0-4C18-A552-81E331268A11}
		{3E468D08-0FBE-4723-B2E0-04DF2D0BC71B} = {8F4C3D7B-61F0-4C18-A552-81E331268A11}
		{9DD3FCAF-B737-4C33-AE64-C5EDC367E587} = {8F4C3D7B-61F0-4C18-A552-81E331268A11}
		{BF1D8C50-B758-4BA5-87AA-443E06D718D1} = {2A0C9A60-DFF8-467B-9A5A-E21D2FB75894}
		{781823B2-5B0B-4502-BBBF-09F8C28C83BB} = {2A0C9A60-DFF8-467B-9A5A-E21D2FB75894}
		{4BF77AED-66DB-4D3B-84B5-CD45636B3FD5} = {2A0C9A60-DFF8-467B-9A5A-E21D2FB75894}
		{CD120224-229B-4FA6-B967-0B6FB4FC841A} = {952E2298-DFF4-49E7-B793-D1CAA015B70C}
		{72DAD96C-2C52-4C57-961A-19573DC0EA36} = {952E2298-DFF4-49E7-B793-D1CAA015B70C}
		{05AEF86C-7F0C-43E8-B693-481E1D04B686} = {952E2298-DFF4-49E7-B793-D1CAA015B70C}
		{943CDC13-2BFB-4B38-AAD1-CED3F93F0777} = {0D5F04D8-296F-421C-8AE3-5000BF522C91}
		{A4044BD4-4E48-48C3-AF5D-FAF0C5A3EE79} = {0D5F04D8-296F-421C-8AE3-5000BF522C91}
		{C37EA434-FF55-40C3-BB6F-3399CD3ECC74} = {0D5F04D8-296F-421C-8AE3-5000BF522C91}
		{20803374-8185-4B1E-8D9E-A1D716466EA0} = {59C0D779-7AFA-4400-99A7-4FBFB195EDB6}
		{DB5D099D-2228-47DA-AEED-C37A2BE2CD31} = {59C0D779-7AFA-4400-99A7-4FBFB195EDB6}
		{A9B03E0A-F267-4778-9666-B28D724ADD91} = {59C0D779-7AFA-4400-99A7-4FBFB195EDB6}
		{5A8E930C-0F09-4983-B4D8-19D44E8C4AB1} = {77B7EA07-7303-4268-9BBD-045B5E41E5B3}
		{A443A39B-C77B-4B18-8659-09E2CAA0F03E} = {77B7EA07-7303-4268-9BBD-045B5E41E5B3}
		{863F61E3-FD77-4387-8ADE-BA5CD5E85690} = {77B7EA07-7303-4268-9BBD-045B5E41E5B3}
		{5186EA15-8CCB-4DDF-B3BE-8165594B929A} = {D1FB34E4-5437-487D-A477-4A61881EA99A}
		{D92360A8-0E6C-4245-BCA9-02017EC29A94} = {D1FB34E4-5437-487D-A477-4A61881EA99A}
		{24D84CEA-4A9A-475F-B2C1-4CED4B03BE96} = {D1FB34E4-5437-487D-A477-4A61881EA99A}
		{9466AE60-C87A-4CC8-BD50-8C00A88A03F3} = {C193E26E-730F-4C0B-A944-925BAABE90C8}
		{A3C9A4AC-F4BB-4464-BA52-6AE2C38A2C07} = {C193E26E-730F-4C0B-A944-925BAABE90C8}
		{4A39DB1A-BE35-438E-82BB-808670E80520} = {C193E26E-730F-4C0B-A944-925BAABE90C8}
	EndGlobalSection
	GlobalSection(ExtensibilityGlobals) = postSolution
		SolutionGuid = {2C4A282D-3417-4CA5-9CB6-4D7201178975}
	EndGlobalSection
EndGlobal
