
Microsoft Visual Studio Solution File, Format Version 12.00
# Visual Studio Version 16
VisualStudioVersion = 16.0.33927.289
MinimumVisualStudioVersion = 10.0.40219.1
Project("{2150E333-8FDC-42A3-9474-1A3956D46DE8}") = "Task0", "Task0", "{8F4C3D7B-61F0-4C18-A552-81E331268A11}"
EndProject
Project("{FAE04EC0-301F-11D3-BF4B-00C04F79EFBC}") = "Tyuiu.ElsufevMP.Sprint5.Task0.V3.Lib", "Tyuiu.ElsufevMP.Sprint5.Task0.V3.Lib\Tyuiu.ElsufevMP.Sprint5.Task0.V3.Lib.csproj", "{E98BA1BA-4CD9-40C8-B691-9D8254B23840}"
EndProject
Project("{FAE04EC0-301F-11D3-BF4B-00C04F79EFBC}") = "Tyuiu.ElsufevMP.Sprint5.Task0.V3.Test", "Tyuiu.ElsufevMP.Sprint5.Task0.V3.Test\Tyuiu.ElsufevMP.Sprint5.Task0.V3.Test.csproj", "{3E468D08-0FBE-4723-B2E0-04DF2D0BC71B}"
EndProject
Project("{FAE04EC0-301F-11D3-BF4B-00C04F79EFBC}") = "Tyuiu.ElsufevMP.Sprint6.Task0.V3", "Tyuiu.ElsufevMP.Sprint6.Task0.V3\Tyuiu.ElsufevMP.Sprint6.Task0.V3.csproj", "{9DD3FCAF-B737-4C33-AE64-C5EDC367E587}"
EndProject
Project("{2150E333-8FDC-42A3-9474-1A3956D46DE8}") = "Task1", "Task1", "{2A0C9A60-DFF8-467B-9A5A-E21D2FB75894}"
EndProject
Project("{FAE04EC0-301F-11D3-BF4B-00C04F79EFBC}") = "Tyuiu.ElsufevMP.Sprint6.Task1.V7.Lib", "Tyuiu.ElsufevMP.Sprint6.Task1.V7.Lib\Tyuiu.ElsufevMP.Sprint6.Task1.V7.Lib.csproj", "{BF1D8C50-B758-4BA5-87AA-443E06D718D1}"
EndProject
Project("{FAE04EC0-301F-11D3-BF4B-00C04F79EFBC}") = "Tyuiu.ElsufevMP.Sprint6.Task1.V7.Test", "Tyuiu.ElsufevMP.Sprint6.Task1.V7.Test\Tyuiu.ElsufevMP.Sprint6.Task1.V7.Test.csproj", "{781823B2-5B0B-4502-BBBF-09F8C28C83BB}"
EndProject
Project("{FAE04EC0-301F-11D3-BF4B-00C04F79EFBC}") = "Tyuiu.ElsufevMP.Sprint6.Task1.V7", "Tyuiu.ElsufevMP.Sprint6.Task1.V7\Tyuiu.ElsufevMP.Sprint6.Task1.V7.csproj", "{4BF77AED-66DB-4D3B-84B5-CD45636B3FD5}"
EndProject
Project("{2150E333-8FDC-42A3-9474-1A3956D46DE8}") = "Task2", "Task2", "{952E2298-DFF4-49E7-B793-D1CAA015B70C}"
EndProject
Project("{FAE04EC0-301F-11D3-BF4B-00C04F79EFBC}") = "Tyuiu.ElsufevMP.Sprint6.Task2.V11.Lib", "Tyuiu.ElsufevMP.Sprint6.Task2.V11.Lib\Tyuiu.ElsufevMP.Sprint6.Task2.V11.Lib.csproj", "{CD120224-229B-4FA6-B967-0B6FB4FC841A}"
EndProject
Project("{FAE04EC0-301F-11D3-BF4B-00C04F79EFBC}") = "Tyuiu.ElsufevMP.Sprint6.Task2.V11.Test", "Tyuiu.ElsufevMP.Sprint6.Task2.V11.Test\Tyuiu.ElsufevMP.Sprint6.Task2.V11.Test.csproj", "{72DAD96C-2C52-4C57-961A-19573DC0EA36}"
EndProject
Project("{FAE04EC0-301F-11D3-BF4B-00C04F79EFBC}") = "Tyuiu.ElsufevMP.Sprint6.Task2.V11", "Tyuiu.ElsufevMP.Sprint6.Task2.V11\Tyuiu.ElsufevMP.Sprint6.Task2.V11.csproj", "{05AEF86C-7F0C-43E8-B693-481E1D04B686}"
EndProject
Project("{2150E333-8FDC-42A3-9474-1A3956D46DE8}") = "Task3", "Task3", "{871F7622-1EF5-418B-B2E6-85D4552A5105}"
EndProject
Project("{FAE04EC0-301F-11D3-BF4B-00C04F79EFBC}") = "Tyuiu.ElsufevMP.Sprint6.Task3.V9", "Tyuiu.ElsufevMP.Sprint6.Task3.V9\Tyuiu.ElsufevMP.Sprint6.Task3.V9.csproj", "{58453005-61CD-4E44-AE3E-489A87D424FD}"
EndProject
Project("{FAE04EC0-301F-11D3-BF4B-00C04F79EFBC}") = "Tyuiu.ElsufevMP.Sprint6.Task3.V9.Lib", "Tyuiu.ElsufevMP.Sprint6.Task3.V9.Lib\Tyuiu.ElsufevMP.Sprint6.Task3.V9.Lib.csproj", "{682B5D1A-2143-43DE-87DF-7DDF1786AD8D}"
EndProject
Project("{FAE04EC0-301F-11D3-BF4B-00C04F79EFBC}") = "Tyuiu.ElsufevMP.Sprint6.Task3.V9.Test", "Tyuiu.ElsufevMP.Sprint6.Task3.V9.Test\Tyuiu.ElsufevMP.Sprint6.Task3.V9.Test.csproj", "{731A2160-5DAC-4A2B-BB4F-26F7BB6BE721}"
EndProject
Global
	GlobalSection(SolutionConfigurationPlatforms) = preSolution
		Debug|Any CPU = Debug|Any CPU
		Release|Any CPU = Release|Any CPU
	EndGlobalSection
	GlobalSection(ProjectConfigurationPlatforms) = postSolution
		{E98BA1BA-4CD9-40C8-B691-9D8254B23840}.Debug|Any CPU.ActiveCfg = Debug|Any CPU
		{E98BA1BA-4CD9-40C8-B691-9D8254B23840}.Debug|Any CPU.Build.0 = Debug|Any CPU
		{E98BA1BA-4CD9-40C8-B691-9D8254B23840}.Release|Any CPU.ActiveCfg = Release|Any CPU
		{E98BA1BA-4CD9-40C8-B691-9D8254B23840}.Release|Any CPU.Build.0 = Release|Any CPU
		{3E468D08-0FBE-4723-B2E0-04DF2D0BC71B}.Debug|Any CPU.ActiveCfg = Debug|Any CPU
		{3E468D08-0FBE-4723-B2E0-04DF2D0BC71B}.Debug|Any CPU.Build.0 = Debug|Any CPU
		{3E468D08-0FBE-4723-B2E0-04DF2D0BC71B}.Release|Any CPU.ActiveCfg = Release|Any CPU
		{3E468D08-0FBE-4723-B2E0-04DF2D0BC71B}.Release|Any CPU.Build.0 = Release|Any CPU
		{9DD3FCAF-B737-4C33-AE64-C5EDC367E587}.Debug|Any CPU.ActiveCfg = Debug|Any CPU
		{9DD3FCAF-B737-4C33-AE64-C5EDC367E587}.Debug|Any CPU.Build.0 = Debug|Any CPU
		{9DD3FCAF-B737-4C33-AE64-C5EDC367E587}.Release|Any CPU.ActiveCfg = Release|Any CPU
		{9DD3FCAF-B737-4C33-AE64-C5EDC367E587}.Release|Any CPU.Build.0 = Release|Any CPU
		{BF1D8C50-B758-4BA5-87AA-443E06D718D1}.Debug|Any CPU.ActiveCfg = Debug|Any CPU
		{BF1D8C50-B758-4BA5-87AA-443E06D718D1}.Debug|Any CPU.Build.0 = Debug|Any CPU
		{BF1D8C50-B758-4BA5-87AA-443E06D718D1}.Release|Any CPU.ActiveCfg = Release|Any CPU
		{BF1D8C50-B758-4BA5-87AA-443E06D718D1}.Release|Any CPU.Build.0 = Release|Any CPU
		{781823B2-5B0B-4502-BBBF-09F8C28C83BB}.Debug|Any CPU.ActiveCfg = Debug|Any CPU
		{781823B2-5B0B-4502-BBBF-09F8C28C83BB}.Debug|Any CPU.Build.0 = Debug|Any CPU
		{781823B2-5B0B-4502-BBBF-09F8C28C83BB}.Release|Any CPU.ActiveCfg = Release|Any CPU
		{781823B2-5B0B-4502-BBBF-09F8C28C83BB}.Release|Any CPU.Build.0 = Release|Any CPU
		{4BF77AED-66DB-4D3B-84B5-CD45636B3FD5}.Debug|Any CPU.ActiveCfg = Debug|Any CPU
		{4BF77AED-66DB-4D3B-84B5-CD45636B3FD5}.Debug|Any CPU.Build.0 = Debug|Any CPU
		{4BF77AED-66DB-4D3B-84B5-CD45636B3FD5}.Release|Any CPU.ActiveCfg = Release|Any CPU
		{4BF77AED-66DB-4D3B-84B5-CD45636B3FD5}.Release|Any CPU.Build.0 = Release|Any CPU
		{CD120224-229B-4FA6-B967-0B6FB4FC841A}.Debug|Any CPU.ActiveCfg = Debug|Any CPU
		{CD120224-229B-4FA6-B967-0B6FB4FC841A}.Debug|Any CPU.Build.0 = Debug|Any CPU
		{CD120224-229B-4FA6-B967-0B6FB4FC841A}.Release|Any CPU.ActiveCfg = Release|Any CPU
		{CD120224-229B-4FA6-B967-0B6FB4FC841A}.Release|Any CPU.Build.0 = Release|Any CPU
		{72DAD96C-2C52-4C57-961A-19573DC0EA36}.Debug|Any CPU.ActiveCfg = Debug|Any CPU
		{72DAD96C-2C52-4C57-961A-19573DC0EA36}.Debug|Any CPU.Build.0 = Debug|Any CPU
		{72DAD96C-2C52-4C57-961A-19573DC0EA36}.Release|Any CPU.ActiveCfg = Release|Any CPU
		{72DAD96C-2C52-4C57-961A-19573DC0EA36}.Release|Any CPU.Build.0 = Release|Any CPU
		{05AEF86C-7F0C-43E8-B693-481E1D04B686}.Debug|Any CPU.ActiveCfg = Debug|Any CPU
		{05AEF86C-7F0C-43E8-B693-481E1D04B686}.Debug|Any CPU.Build.0 = Debug|Any CPU
		{05AEF86C-7F0C-43E8-B693-481E1D04B686}.Release|Any CPU.ActiveCfg = Release|Any CPU
		{05AEF86C-7F0C-43E8-B693-481E1D04B686}.Release|Any CPU.Build.0 = Release|Any CPU
		{58453005-61CD-4E44-AE3E-489A87D424FD}.Debug|Any CPU.ActiveCfg = Debug|Any CPU
		{58453005-61CD-4E44-AE3E-489A87D424FD}.Debug|Any CPU.Build.0 = Debug|Any CPU
		{58453005-61CD-4E44-AE3E-489A87D424FD}.Release|Any CPU.ActiveCfg = Release|Any CPU
		{58453005-61CD-4E44-AE3E-489A87D424FD}.Release|Any CPU.Build.0 = Release|Any CPU
		{682B5D1A-2143-43DE-87DF-7DDF1786AD8D}.Debug|Any CPU.ActiveCfg = Debug|Any CPU
		{682B5D1A-2143-43DE-87DF-7DDF1786AD8D}.Debug|Any CPU.Build.0 = Debug|Any CPU
		{682B5D1A-2143-43DE-87DF-7DDF1786AD8D}.Release|Any CPU.ActiveCfg = Release|Any CPU
		{682B5D1A-2143-43DE-87DF-7DDF1786AD8D}.Release|Any CPU.Build.0 = Release|Any CPU
		{731A2160-5DAC-4A2B-BB4F-26F7BB6BE721}.Debug|Any CPU.ActiveCfg = Debug|Any CPU
		{731A2160-5DAC-4A2B-BB4F-26F7BB6BE721}.Debug|Any CPU.Build.0 = Debug|Any CPU
		{731A2160-5DAC-4A2B-BB4F-26F7BB6BE721}.Release|Any CPU.ActiveCfg = Release|Any CPU
		{731A2160-5DAC-4A2B-BB4F-26F7BB6BE721}.Release|Any CPU.Build.0 = Release|Any CPU
	EndGlobalSection
	GlobalSection(SolutionProperties) = preSolution
		HideSolutionNode = FALSE
	EndGlobalSection
	GlobalSection(NestedProjects) = preSolution
		{E98BA1BA-4CD9-40C8-B691-9D8254B23840} = {8F4C3D7B-61F0-4C18-A552-81E331268A11}
		{3E468D08-0FBE-4723-B2E0-04DF2D0BC71B} = {8F4C3D7B-61F0-4C18-A552-81E331268A11}
		{9DD3FCAF-B737-4C33-AE64-C5EDC367E587} = {8F4C3D7B-61F0-4C18-A552-81E331268A11}
		{BF1D8C50-B758-4BA5-87AA-443E06D718D1} = {2A0C9A60-DFF8-467B-9A5A-E21D2FB75894}
		{781823B2-5B0B-4502-BBBF-09F8C28C83BB} = {2A0C9A60-DFF8-467B-9A5A-E21D2FB75894}
		{4BF77AED-66DB-4D3B-84B5-CD45636B3FD5} = {2A0C9A60-DFF8-467B-9A5A-E21D2FB75894}
		{CD120224-229B-4FA6-B967-0B6FB4FC841A} = {952E2298-DFF4-49E7-B793-D1CAA015B70C}
		{72DAD96C-2C52-4C57-961A-19573DC0EA36} = {952E2298-DFF4-49E7-B793-D1CAA015B70C}
		{05AEF86C-7F0C-43E8-B693-481E1D04B686} = {952E2298-DFF4-49E7-B793-D1CAA015B70C}
		{58453005-61CD-4E44-AE3E-489A87D424FD} = {871F7622-1EF5-418B-B2E6-85D4552A5105}
		{682B5D1A-2143-43DE-87DF-7DDF1786AD8D} = {871F7622-1EF5-418B-B2E6-85D4552A5105}
		{731A2160-5DAC-4A2B-BB4F-26F7BB6BE721} = {871F7622-1EF5-418B-B2E6-85D4552A5105}
	EndGlobalSection
	GlobalSection(ExtensibilityGlobals) = postSolution
		SolutionGuid = {2C4A282D-3417-4CA5-9CB6-4D7201178975}
	EndGlobalSection
EndGlobal
